
Microsoft Visual Studio Solution File, Format Version 12.00
# Visual Studio Version 17
VisualStudioVersion = 17.5.002.0
MinimumVisualStudioVersion = 10.0.40219.1
Project("{9A19103F-16F7-4668-BE54-9A1E7A4F7556}") = "Passion", "Passion.csproj", "{756F6881-4F9E-454F-99AB-4017287EC75D}"
EndProject
Global
	GlobalSection(SolutionConfigurationPlatforms) = preSolution
		Debug|Any CPU = Debug|Any CPU
		Release|Any CPU = Release|Any CPU
	EndGlobalSection
	GlobalSection(ProjectConfigurationPlatforms) = postSolution
		{756F6881-4F9E-454F-99AB-4017287EC75D}.Debug|Any CPU.ActiveCfg = Debug|Any CPU
		{756F6881-4F9E-454F-99AB-4017287EC75D}.Debug|Any CPU.Build.0 = Debug|Any CPU
		{756F6881-4F9E-454F-99AB-4017287EC75D}.Release|Any CPU.ActiveCfg = Release|Any CPU
		{756F6881-4F9E-454F-99AB-4017287EC75D}.Release|Any CPU.Build.0 = Release|Any CPU
	EndGlobalSection
	GlobalSection(SolutionProperties) = preSolution
		HideSolutionNode = FALSE
	EndGlobalSection
	GlobalSection(ExtensibilityGlobals) = postSolution
		SolutionGuid = {5ECA88BE-98D7-4A05-BABF-BC4192EE647E}
	EndGlobalSection
EndGlobal
